{
  "requires": true,
  "lockfileVersion": 1,
  "dependencies": {
    "jasmine-jquery-matchers": {
      "version": "2.0.2",
      "resolved": "https://registry.npmjs.org/jasmine-jquery-matchers/-/jasmine-jquery-matchers-2.0.2.tgz",
      "integrity": "sha512-YK/6jv0TtLSCppsbXOiuEwFPmwXc4SBggiu9M/IlKlHGvViVfP2i5sC8I8/NNvE+wAZTAWcfbBEIjxVIjonw8A==",
      "dev": true
    }
  }
}
